
Microsoft Visual Studio Solution File, Format Version 11.00
# Visual Studio 2010
Project("{2150E333-8FDC-42A3-9474-1A3956D46DE8}") = "Plugins", "Plugins", "{1A608B70-0FB1-4779-9994-699614659E43}"
EndProject
Project("{FAE04EC0-301F-11D3-BF4B-00C04F79EFBC}") = "Debug", "plugins\Debug\Debug.csproj", "{1CAEB1A6-1E4C-407A-B55E-860CD0ABA1C8}"
EndProject
Project("{FAE04EC0-301F-11D3-BF4B-00C04F79EFBC}") = "FileFind.Meshwork.GtkClient", "src\FileFind.Meshwork.GtkClient\FileFind.Meshwork.GtkClient.csproj", "{3365276B-1897-48BF-AE17-13519F98888B}"
EndProject
Project("{FAE04EC0-301F-11D3-BF4B-00C04F79EFBC}") = "FileFind.Meshwork", "src\FileFind.Meshwork\FileFind.Meshwork.csproj", "{261A1AF5-01A7-4C09-AA0E-345B5DE1E888}"
EndProject
Project("{FAE04EC0-301F-11D3-BF4B-00C04F79EFBC}") = "FileFind.Meshwork.DaemonClient", "src\FileFind.Meshwork.DaemonClient\FileFind.Meshwork.DaemonClient.csproj", "{8CA75664-10AD-4EF3-857A-3FCB556906FA}"
EndProject
Global
	GlobalSection(SolutionConfigurationPlatforms) = preSolution
		Debug|Any CPU = Debug|Any CPU
		Debug|x86 = Debug|x86
		Default|Any CPU = Default|Any CPU
		Default|x86 = Default|x86
		Release|Any CPU = Release|Any CPU
		Release|x86 = Release|x86
	EndGlobalSection
	GlobalSection(ProjectConfigurationPlatforms) = postSolution
		{1CAEB1A6-1E4C-407A-B55E-860CD0ABA1C8}.Debug|Any CPU.ActiveCfg = Debug|x86
		{1CAEB1A6-1E4C-407A-B55E-860CD0ABA1C8}.Debug|x86.ActiveCfg = Debug|x86
		{1CAEB1A6-1E4C-407A-B55E-860CD0ABA1C8}.Debug|x86.Build.0 = Debug|x86
		{1CAEB1A6-1E4C-407A-B55E-860CD0ABA1C8}.Default|Any CPU.ActiveCfg = Debug|x86
		{1CAEB1A6-1E4C-407A-B55E-860CD0ABA1C8}.Default|Any CPU.Build.0 = Debug|x86
		{1CAEB1A6-1E4C-407A-B55E-860CD0ABA1C8}.Default|x86.ActiveCfg = Debug|x86
		{1CAEB1A6-1E4C-407A-B55E-860CD0ABA1C8}.Release|Any CPU.ActiveCfg = Release|x86
		{1CAEB1A6-1E4C-407A-B55E-860CD0ABA1C8}.Release|x86.ActiveCfg = Release|x86
		{1CAEB1A6-1E4C-407A-B55E-860CD0ABA1C8}.Release|x86.Build.0 = Release|x86
		{261A1AF5-01A7-4C09-AA0E-345B5DE1E888}.Debug|Any CPU.ActiveCfg = Debug|x86
		{261A1AF5-01A7-4C09-AA0E-345B5DE1E888}.Debug|Any CPU.Build.0 = Debug|x86
		{261A1AF5-01A7-4C09-AA0E-345B5DE1E888}.Debug|x86.ActiveCfg = Debug|x86
		{261A1AF5-01A7-4C09-AA0E-345B5DE1E888}.Debug|x86.Build.0 = Debug|x86
		{261A1AF5-01A7-4C09-AA0E-345B5DE1E888}.Default|Any CPU.ActiveCfg = Debug|x86
		{261A1AF5-01A7-4C09-AA0E-345B5DE1E888}.Default|x86.ActiveCfg = Debug|x86
		{261A1AF5-01A7-4C09-AA0E-345B5DE1E888}.Release|Any CPU.ActiveCfg = Release|x86
		{261A1AF5-01A7-4C09-AA0E-345B5DE1E888}.Release|x86.ActiveCfg = Release|x86
		{3365276B-1897-48BF-AE17-13519F98888B}.Debug|Any CPU.ActiveCfg = Debug|x86
		{3365276B-1897-48BF-AE17-13519F98888B}.Debug|Any CPU.Build.0 = Debug|x86
		{3365276B-1897-48BF-AE17-13519F98888B}.Debug|x86.ActiveCfg = Debug|x86
		{3365276B-1897-48BF-AE17-13519F98888B}.Debug|x86.Build.0 = Debug|x86
		{3365276B-1897-48BF-AE17-13519F98888B}.Default|Any CPU.ActiveCfg = Debug|x86
		{3365276B-1897-48BF-AE17-13519F98888B}.Default|x86.ActiveCfg = Debug|x86
		{3365276B-1897-48BF-AE17-13519F98888B}.Release|Any CPU.ActiveCfg = Release|x86
		{3365276B-1897-48BF-AE17-13519F98888B}.Release|x86.ActiveCfg = Release|Any CPU
		{3365276B-1897-48BF-AE17-13519F98888B}.Release|x86.Build.0 = Release|Any CPU
		{8CA75664-10AD-4EF3-857A-3FCB556906FA}.Debug|Any CPU.ActiveCfg = Debug|x86
		{8CA75664-10AD-4EF3-857A-3FCB556906FA}.Debug|Any CPU.Build.0 = Debug|x86
		{8CA75664-10AD-4EF3-857A-3FCB556906FA}.Debug|x86.ActiveCfg = Debug|x86
		{8CA75664-10AD-4EF3-857A-3FCB556906FA}.Debug|x86.Build.0 = Debug|x86
		{8CA75664-10AD-4EF3-857A-3FCB556906FA}.Default|Any CPU.ActiveCfg = Debug|x86
		{8CA75664-10AD-4EF3-857A-3FCB556906FA}.Default|Any CPU.Build.0 = Debug|x86
		{8CA75664-10AD-4EF3-857A-3FCB556906FA}.Default|x86.ActiveCfg = Debug|x86
		{8CA75664-10AD-4EF3-857A-3FCB556906FA}.Default|x86.Build.0 = Debug|x86
		{8CA75664-10AD-4EF3-857A-3FCB556906FA}.Release|Any CPU.ActiveCfg = Release|x86
		{8CA75664-10AD-4EF3-857A-3FCB556906FA}.Release|Any CPU.Build.0 = Release|x86
		{8CA75664-10AD-4EF3-857A-3FCB556906FA}.Release|x86.ActiveCfg = Release|x86
		{8CA75664-10AD-4EF3-857A-3FCB556906FA}.Release|x86.Build.0 = Release|x86
	EndGlobalSection
	GlobalSection(NestedProjects) = preSolution
		{1CAEB1A6-1E4C-407A-B55E-860CD0ABA1C8} = {1A608B70-0FB1-4779-9994-699614659E43}
	EndGlobalSection
	GlobalSection(MonoDevelopProperties) = preSolution
		StartupItem = src\FileFind.Meshwork.GtkClient\FileFind.Meshwork.GtkClient.csproj
		Policies = $0
		$0.DotNetNamingPolicy = $1
		$1.DirectoryNamespaceAssociation = None
		$1.ResourceNamePolicy = FileFormatDefault
		$0.TextStylePolicy = $2
		$2.inheritsSet = null
		$2.scope = application/xml
		$0.XmlFormattingPolicy = $3
		$3.inheritsSet = Mono
		$3.inheritsScope = application/xml
		$3.scope = application/xml
		$0.StandardHeader = $4
		$4.Text = 
		$4.IncludeInNewFiles = True
	EndGlobalSection
	GlobalSection(SolutionProperties) = preSolution
		HideSolutionNode = FALSE
	EndGlobalSection
EndGlobal
