
Microsoft Visual Studio Solution File, Format Version 12.00
# Visual Studio 2010
Project("{FAE04EC0-301F-11D3-BF4B-00C04F79EFBC}") = "Meshwork.Library.Stun", "src\Meshwork.Library.Stun\Meshwork.Library.Stun.csproj", "{01539583-6736-4E2C-933B-09F7F9CCD2C5}"
EndProject
Project("{FAE04EC0-301F-11D3-BF4B-00C04F79EFBC}") = "Meshwork.Library.CRC", "src\Meshwork.Library.CRC\Meshwork.Library.CRC.csproj", "{86CEC195-22E0-4CA9-8B17-16C01A0C3647}"
EndProject
Project("{FAE04EC0-301F-11D3-BF4B-00C04F79EFBC}") = "Meshwork.Library.Hyena", "src\Meshwork.Library.Hyena\Meshwork.Library.Hyena.csproj", "{4F89B3C4-2837-4020-9D91-96AAC8718911}"
EndProject
Project("{2150E333-8FDC-42A3-9474-1A3956D46DE8}") = "Library", "Library", "{8499C1C7-946A-483B-94F0-13465327906A}"
EndProject
Project("{2150E333-8FDC-42A3-9474-1A3956D46DE8}") = "Platform", "Platform", "{3D7E24C4-419E-41EB-BDAF-F7CE43357238}"
EndProject
Project("{FAE04EC0-301F-11D3-BF4B-00C04F79EFBC}") = "Meshwork.Platform.MacOS", "src\Meshwork.Platform.MacOS\Meshwork.Platform.MacOS.csproj", "{920ABE15-340F-4BF4-80D7-F49CB940E5F2}"
EndProject
Project("{2150E333-8FDC-42A3-9474-1A3956D46DE8}") = "Backend", "Backend", "{6C19961E-B76A-48A1-B0B6-B9C9C3C3EC18}"
EndProject
Project("{FAE04EC0-301F-11D3-BF4B-00C04F79EFBC}") = "Meshwork.Platform.Windows", "src\Meshwork.Platform.Windows\Meshwork.Platform.Windows.csproj", "{84CB86DC-05A8-427E-8C49-13258361DA55}"
EndProject
Project("{FAE04EC0-301F-11D3-BF4B-00C04F79EFBC}") = "Meshwork.Platform", "src\Meshwork.Platform\Meshwork.Platform.csproj", "{D981A690-6340-404C-96F5-B32E18C6AF8D}"
EndProject
Project("{FAE04EC0-301F-11D3-BF4B-00C04F79EFBC}") = "Meshwork.Platform.Linux", "src\Meshwork.Platform.Linux\Meshwork.Platform.Linux.csproj", "{699E3784-28E7-490D-96F1-FFEBCAF930B9}"
EndProject
Project("{2150E333-8FDC-42A3-9474-1A3956D46DE8}") = "Common", "Common", "{0A19460A-92A4-4172-B481-7B51F7B48C9D}"
EndProject
Project("{FAE04EC0-301F-11D3-BF4B-00C04F79EFBC}") = "Meshwork.Common", "src\Meshwork.Common\Meshwork.Common.csproj", "{592E20C9-16CB-431C-8BAC-879FDAE9EF14}"
EndProject
Project("{FAE04EC0-301F-11D3-BF4B-00C04F79EFBC}") = "Meshwork.Backend", "src\Meshwork.Backend\Meshwork.Backend.csproj", "{14D462D1-0164-486E-823B-DC25F1F38EDA}"
EndProject
Project("{2150E333-8FDC-42A3-9474-1A3956D46DE8}") = "Clients", "Clients", "{1CE06F15-BA62-43F2-A28A-FBB384B1926B}"
EndProject
Project("{FAE04EC0-301F-11D3-BF4B-00C04F79EFBC}") = "Meshwork.Client.ConsoleClient", "src\Meshwork.Client.ConsoleClient\Meshwork.Client.ConsoleClient.csproj", "{3CD7D0AD-15ED-48AE-B324-DCF1BE1B2C14}"
EndProject
Project("{FAE04EC0-301F-11D3-BF4B-00C04F79EFBC}") = "Meshwork.Client.GtkClient", "src\Meshwork.Client.GtkClient\Meshwork.Client.GtkClient.csproj", "{4577A0A2-5A95-4E1F-96A9-829B1829FAE9}"
EndProject
Project("{2150E333-8FDC-42A3-9474-1A3956D46DE8}") = "Gtk", "Gtk", "{47F112D3-4A3C-4AD0-8782-4A64B3807F95}"
EndProject
Project("{2150E333-8FDC-42A3-9474-1A3956D46DE8}") = "Plugins", "Plugins", "{EAB6332A-5F22-473A-9C53-C57D01BE0057}"
EndProject
Project("{FAE04EC0-301F-11D3-BF4B-00C04F79EFBC}") = "Meshwork.Client.GtkClient.Plugins.Debug", "src\Meshwork.Client.GtkClient.Plugins.Debug\Meshwork.Client.GtkClient.Plugins.Debug.csproj", "{1CAEB1A6-1E4C-407A-B55E-860CD0ABA1C8}"
EndProject
Global
	GlobalSection(SolutionConfigurationPlatforms) = preSolution
		Debug|Any CPU = Debug|Any CPU
		Debug|x86 = Debug|x86
		Default|Any CPU = Default|Any CPU
		Default|x86 = Default|x86
		Release|Any CPU = Release|Any CPU
		Release|x86 = Release|x86
	EndGlobalSection
	GlobalSection(ProjectConfigurationPlatforms) = postSolution
		{01539583-6736-4E2C-933B-09F7F9CCD2C5}.Debug|Any CPU.ActiveCfg = Debug|Any CPU
		{01539583-6736-4E2C-933B-09F7F9CCD2C5}.Debug|Any CPU.Build.0 = Debug|Any CPU
		{01539583-6736-4E2C-933B-09F7F9CCD2C5}.Debug|x86.ActiveCfg = Debug|x86
		{01539583-6736-4E2C-933B-09F7F9CCD2C5}.Debug|x86.Build.0 = Debug|x86
		{01539583-6736-4E2C-933B-09F7F9CCD2C5}.Default|Any CPU.ActiveCfg = Default|Any CPU
		{01539583-6736-4E2C-933B-09F7F9CCD2C5}.Default|Any CPU.Build.0 = Default|Any CPU
		{01539583-6736-4E2C-933B-09F7F9CCD2C5}.Default|x86.ActiveCfg = Default|x86
		{01539583-6736-4E2C-933B-09F7F9CCD2C5}.Default|x86.Build.0 = Default|x86
		{01539583-6736-4E2C-933B-09F7F9CCD2C5}.Release|Any CPU.ActiveCfg = Release|Any CPU
		{01539583-6736-4E2C-933B-09F7F9CCD2C5}.Release|Any CPU.Build.0 = Release|Any CPU
		{01539583-6736-4E2C-933B-09F7F9CCD2C5}.Release|x86.ActiveCfg = Release|x86
		{01539583-6736-4E2C-933B-09F7F9CCD2C5}.Release|x86.Build.0 = Release|x86
		{86CEC195-22E0-4CA9-8B17-16C01A0C3647}.Debug|Any CPU.ActiveCfg = Debug|Any CPU
		{86CEC195-22E0-4CA9-8B17-16C01A0C3647}.Debug|Any CPU.Build.0 = Debug|Any CPU
		{86CEC195-22E0-4CA9-8B17-16C01A0C3647}.Debug|x86.ActiveCfg = Debug|x86
		{86CEC195-22E0-4CA9-8B17-16C01A0C3647}.Debug|x86.Build.0 = Debug|x86
		{86CEC195-22E0-4CA9-8B17-16C01A0C3647}.Default|Any CPU.ActiveCfg = Default|Any CPU
		{86CEC195-22E0-4CA9-8B17-16C01A0C3647}.Default|Any CPU.Build.0 = Default|Any CPU
		{86CEC195-22E0-4CA9-8B17-16C01A0C3647}.Default|x86.ActiveCfg = Default|x86
		{86CEC195-22E0-4CA9-8B17-16C01A0C3647}.Default|x86.Build.0 = Default|x86
		{86CEC195-22E0-4CA9-8B17-16C01A0C3647}.Release|Any CPU.ActiveCfg = Release|Any CPU
		{86CEC195-22E0-4CA9-8B17-16C01A0C3647}.Release|Any CPU.Build.0 = Release|Any CPU
		{86CEC195-22E0-4CA9-8B17-16C01A0C3647}.Release|x86.ActiveCfg = Release|x86
		{86CEC195-22E0-4CA9-8B17-16C01A0C3647}.Release|x86.Build.0 = Release|x86
		{4F89B3C4-2837-4020-9D91-96AAC8718911}.Debug|Any CPU.ActiveCfg = Debug|Any CPU
		{4F89B3C4-2837-4020-9D91-96AAC8718911}.Debug|Any CPU.Build.0 = Debug|Any CPU
		{4F89B3C4-2837-4020-9D91-96AAC8718911}.Debug|x86.ActiveCfg = Debug|x86
		{4F89B3C4-2837-4020-9D91-96AAC8718911}.Debug|x86.Build.0 = Debug|x86
		{4F89B3C4-2837-4020-9D91-96AAC8718911}.Default|Any CPU.ActiveCfg = Default|Any CPU
		{4F89B3C4-2837-4020-9D91-96AAC8718911}.Default|Any CPU.Build.0 = Default|Any CPU
		{4F89B3C4-2837-4020-9D91-96AAC8718911}.Default|x86.ActiveCfg = Default|x86
		{4F89B3C4-2837-4020-9D91-96AAC8718911}.Default|x86.Build.0 = Default|x86
		{4F89B3C4-2837-4020-9D91-96AAC8718911}.Release|Any CPU.ActiveCfg = Release|Any CPU
		{4F89B3C4-2837-4020-9D91-96AAC8718911}.Release|Any CPU.Build.0 = Release|Any CPU
		{4F89B3C4-2837-4020-9D91-96AAC8718911}.Release|x86.ActiveCfg = Release|x86
		{4F89B3C4-2837-4020-9D91-96AAC8718911}.Release|x86.Build.0 = Release|x86
		{920ABE15-340F-4BF4-80D7-F49CB940E5F2}.Debug|Any CPU.ActiveCfg = Debug|Any CPU
		{920ABE15-340F-4BF4-80D7-F49CB940E5F2}.Debug|Any CPU.Build.0 = Debug|Any CPU
		{920ABE15-340F-4BF4-80D7-F49CB940E5F2}.Debug|x86.ActiveCfg = Debug|x86
		{920ABE15-340F-4BF4-80D7-F49CB940E5F2}.Debug|x86.Build.0 = Debug|x86
		{920ABE15-340F-4BF4-80D7-F49CB940E5F2}.Default|Any CPU.ActiveCfg = Default|Any CPU
		{920ABE15-340F-4BF4-80D7-F49CB940E5F2}.Default|Any CPU.Build.0 = Default|Any CPU
		{920ABE15-340F-4BF4-80D7-F49CB940E5F2}.Default|x86.ActiveCfg = Default|x86
		{920ABE15-340F-4BF4-80D7-F49CB940E5F2}.Default|x86.Build.0 = Default|x86
		{920ABE15-340F-4BF4-80D7-F49CB940E5F2}.Release|Any CPU.ActiveCfg = Release|Any CPU
		{920ABE15-340F-4BF4-80D7-F49CB940E5F2}.Release|Any CPU.Build.0 = Release|Any CPU
		{920ABE15-340F-4BF4-80D7-F49CB940E5F2}.Release|x86.ActiveCfg = Release|x86
		{920ABE15-340F-4BF4-80D7-F49CB940E5F2}.Release|x86.Build.0 = Release|x86
		{84CB86DC-05A8-427E-8C49-13258361DA55}.Debug|Any CPU.ActiveCfg = Debug|Any CPU
		{84CB86DC-05A8-427E-8C49-13258361DA55}.Debug|Any CPU.Build.0 = Debug|Any CPU
		{84CB86DC-05A8-427E-8C49-13258361DA55}.Debug|x86.ActiveCfg = Debug|x86
		{84CB86DC-05A8-427E-8C49-13258361DA55}.Debug|x86.Build.0 = Debug|x86
		{84CB86DC-05A8-427E-8C49-13258361DA55}.Default|Any CPU.ActiveCfg = Default|Any CPU
		{84CB86DC-05A8-427E-8C49-13258361DA55}.Default|Any CPU.Build.0 = Default|Any CPU
		{84CB86DC-05A8-427E-8C49-13258361DA55}.Default|x86.ActiveCfg = Default|x86
		{84CB86DC-05A8-427E-8C49-13258361DA55}.Default|x86.Build.0 = Default|x86
		{84CB86DC-05A8-427E-8C49-13258361DA55}.Release|Any CPU.ActiveCfg = Release|Any CPU
		{84CB86DC-05A8-427E-8C49-13258361DA55}.Release|Any CPU.Build.0 = Release|Any CPU
		{84CB86DC-05A8-427E-8C49-13258361DA55}.Release|x86.ActiveCfg = Release|x86
		{84CB86DC-05A8-427E-8C49-13258361DA55}.Release|x86.Build.0 = Release|x86
		{D981A690-6340-404C-96F5-B32E18C6AF8D}.Debug|Any CPU.ActiveCfg = Debug|Any CPU
		{D981A690-6340-404C-96F5-B32E18C6AF8D}.Debug|Any CPU.Build.0 = Debug|Any CPU
		{D981A690-6340-404C-96F5-B32E18C6AF8D}.Debug|x86.ActiveCfg = Debug|x86
		{D981A690-6340-404C-96F5-B32E18C6AF8D}.Debug|x86.Build.0 = Debug|x86
		{D981A690-6340-404C-96F5-B32E18C6AF8D}.Default|Any CPU.ActiveCfg = Default|Any CPU
		{D981A690-6340-404C-96F5-B32E18C6AF8D}.Default|Any CPU.Build.0 = Default|Any CPU
		{D981A690-6340-404C-96F5-B32E18C6AF8D}.Default|x86.ActiveCfg = Default|x86
		{D981A690-6340-404C-96F5-B32E18C6AF8D}.Default|x86.Build.0 = Default|x86
		{D981A690-6340-404C-96F5-B32E18C6AF8D}.Release|Any CPU.ActiveCfg = Release|Any CPU
		{D981A690-6340-404C-96F5-B32E18C6AF8D}.Release|Any CPU.Build.0 = Release|Any CPU
		{D981A690-6340-404C-96F5-B32E18C6AF8D}.Release|x86.ActiveCfg = Release|x86
		{D981A690-6340-404C-96F5-B32E18C6AF8D}.Release|x86.Build.0 = Release|x86
		{699E3784-28E7-490D-96F1-FFEBCAF930B9}.Debug|Any CPU.ActiveCfg = Debug|Any CPU
		{699E3784-28E7-490D-96F1-FFEBCAF930B9}.Debug|Any CPU.Build.0 = Debug|Any CPU
		{699E3784-28E7-490D-96F1-FFEBCAF930B9}.Debug|x86.ActiveCfg = Debug|x86
		{699E3784-28E7-490D-96F1-FFEBCAF930B9}.Debug|x86.Build.0 = Debug|x86
		{699E3784-28E7-490D-96F1-FFEBCAF930B9}.Default|Any CPU.ActiveCfg = Default|Any CPU
		{699E3784-28E7-490D-96F1-FFEBCAF930B9}.Default|Any CPU.Build.0 = Default|Any CPU
		{699E3784-28E7-490D-96F1-FFEBCAF930B9}.Default|x86.ActiveCfg = Default|x86
		{699E3784-28E7-490D-96F1-FFEBCAF930B9}.Default|x86.Build.0 = Default|x86
		{699E3784-28E7-490D-96F1-FFEBCAF930B9}.Release|Any CPU.ActiveCfg = Release|Any CPU
		{699E3784-28E7-490D-96F1-FFEBCAF930B9}.Release|Any CPU.Build.0 = Release|Any CPU
		{699E3784-28E7-490D-96F1-FFEBCAF930B9}.Release|x86.ActiveCfg = Release|x86
		{699E3784-28E7-490D-96F1-FFEBCAF930B9}.Release|x86.Build.0 = Release|x86
		{592E20C9-16CB-431C-8BAC-879FDAE9EF14}.Debug|Any CPU.ActiveCfg = Debug|Any CPU
		{592E20C9-16CB-431C-8BAC-879FDAE9EF14}.Debug|Any CPU.Build.0 = Debug|Any CPU
		{592E20C9-16CB-431C-8BAC-879FDAE9EF14}.Debug|x86.ActiveCfg = Debug|x86
		{592E20C9-16CB-431C-8BAC-879FDAE9EF14}.Debug|x86.Build.0 = Debug|x86
		{592E20C9-16CB-431C-8BAC-879FDAE9EF14}.Default|Any CPU.ActiveCfg = Default|Any CPU
		{592E20C9-16CB-431C-8BAC-879FDAE9EF14}.Default|Any CPU.Build.0 = Default|Any CPU
		{592E20C9-16CB-431C-8BAC-879FDAE9EF14}.Default|x86.ActiveCfg = Default|x86
		{592E20C9-16CB-431C-8BAC-879FDAE9EF14}.Default|x86.Build.0 = Default|x86
		{592E20C9-16CB-431C-8BAC-879FDAE9EF14}.Release|Any CPU.ActiveCfg = Release|Any CPU
		{592E20C9-16CB-431C-8BAC-879FDAE9EF14}.Release|Any CPU.Build.0 = Release|Any CPU
		{592E20C9-16CB-431C-8BAC-879FDAE9EF14}.Release|x86.ActiveCfg = Release|x86
		{592E20C9-16CB-431C-8BAC-879FDAE9EF14}.Release|x86.Build.0 = Release|x86
		{14D462D1-0164-486E-823B-DC25F1F38EDA}.Debug|Any CPU.ActiveCfg = Debug|Any CPU
		{14D462D1-0164-486E-823B-DC25F1F38EDA}.Debug|Any CPU.Build.0 = Debug|Any CPU
		{14D462D1-0164-486E-823B-DC25F1F38EDA}.Debug|x86.ActiveCfg = Debug|x86
		{14D462D1-0164-486E-823B-DC25F1F38EDA}.Debug|x86.Build.0 = Debug|x86
		{14D462D1-0164-486E-823B-DC25F1F38EDA}.Default|Any CPU.ActiveCfg = Default|Any CPU
		{14D462D1-0164-486E-823B-DC25F1F38EDA}.Default|Any CPU.Build.0 = Default|Any CPU
		{14D462D1-0164-486E-823B-DC25F1F38EDA}.Default|x86.ActiveCfg = Default|x86
		{14D462D1-0164-486E-823B-DC25F1F38EDA}.Default|x86.Build.0 = Default|x86
		{14D462D1-0164-486E-823B-DC25F1F38EDA}.Release|Any CPU.ActiveCfg = Release|Any CPU
		{14D462D1-0164-486E-823B-DC25F1F38EDA}.Release|Any CPU.Build.0 = Release|Any CPU
		{14D462D1-0164-486E-823B-DC25F1F38EDA}.Release|x86.ActiveCfg = Release|x86
		{14D462D1-0164-486E-823B-DC25F1F38EDA}.Release|x86.Build.0 = Release|x86
		{3CD7D0AD-15ED-48AE-B324-DCF1BE1B2C14}.Debug|Any CPU.ActiveCfg = Debug|Any CPU
		{3CD7D0AD-15ED-48AE-B324-DCF1BE1B2C14}.Debug|Any CPU.Build.0 = Debug|Any CPU
		{3CD7D0AD-15ED-48AE-B324-DCF1BE1B2C14}.Debug|x86.ActiveCfg = Debug|x86
		{3CD7D0AD-15ED-48AE-B324-DCF1BE1B2C14}.Debug|x86.Build.0 = Debug|x86
		{3CD7D0AD-15ED-48AE-B324-DCF1BE1B2C14}.Default|Any CPU.ActiveCfg = Default|Any CPU
		{3CD7D0AD-15ED-48AE-B324-DCF1BE1B2C14}.Default|Any CPU.Build.0 = Default|Any CPU
		{3CD7D0AD-15ED-48AE-B324-DCF1BE1B2C14}.Default|x86.ActiveCfg = Default|x86
		{3CD7D0AD-15ED-48AE-B324-DCF1BE1B2C14}.Default|x86.Build.0 = Default|x86
		{3CD7D0AD-15ED-48AE-B324-DCF1BE1B2C14}.Release|Any CPU.ActiveCfg = Release|Any CPU
		{3CD7D0AD-15ED-48AE-B324-DCF1BE1B2C14}.Release|Any CPU.Build.0 = Release|Any CPU
		{3CD7D0AD-15ED-48AE-B324-DCF1BE1B2C14}.Release|x86.ActiveCfg = Release|x86
		{3CD7D0AD-15ED-48AE-B324-DCF1BE1B2C14}.Release|x86.Build.0 = Release|x86
		{4577A0A2-5A95-4E1F-96A9-829B1829FAE9}.Debug|Any CPU.ActiveCfg = Debug|Any CPU
		{4577A0A2-5A95-4E1F-96A9-829B1829FAE9}.Debug|Any CPU.Build.0 = Debug|Any CPU
		{4577A0A2-5A95-4E1F-96A9-829B1829FAE9}.Debug|x86.ActiveCfg = Debug|x86
		{4577A0A2-5A95-4E1F-96A9-829B1829FAE9}.Debug|x86.Build.0 = Debug|x86
		{4577A0A2-5A95-4E1F-96A9-829B1829FAE9}.Default|Any CPU.ActiveCfg = Default|Any CPU
		{4577A0A2-5A95-4E1F-96A9-829B1829FAE9}.Default|Any CPU.Build.0 = Default|Any CPU
		{4577A0A2-5A95-4E1F-96A9-829B1829FAE9}.Default|x86.ActiveCfg = Default|x86
		{4577A0A2-5A95-4E1F-96A9-829B1829FAE9}.Default|x86.Build.0 = Default|x86
		{4577A0A2-5A95-4E1F-96A9-829B1829FAE9}.Release|Any CPU.ActiveCfg = Release|Any CPU
		{4577A0A2-5A95-4E1F-96A9-829B1829FAE9}.Release|Any CPU.Build.0 = Release|Any CPU
		{4577A0A2-5A95-4E1F-96A9-829B1829FAE9}.Release|x86.ActiveCfg = Release|x86
		{4577A0A2-5A95-4E1F-96A9-829B1829FAE9}.Release|x86.Build.0 = Release|x86
		{1CAEB1A6-1E4C-407A-B55E-860CD0ABA1C8}.Debug|Any CPU.ActiveCfg = Debug|x86
		{1CAEB1A6-1E4C-407A-B55E-860CD0ABA1C8}.Debug|Any CPU.Build.0 = Debug|x86
		{1CAEB1A6-1E4C-407A-B55E-860CD0ABA1C8}.Debug|x86.ActiveCfg = Debug|x86
		{1CAEB1A6-1E4C-407A-B55E-860CD0ABA1C8}.Debug|x86.Build.0 = Debug|x86
		{1CAEB1A6-1E4C-407A-B55E-860CD0ABA1C8}.Default|Any CPU.ActiveCfg = Debug|x86
		{1CAEB1A6-1E4C-407A-B55E-860CD0ABA1C8}.Default|Any CPU.Build.0 = Debug|x86
		{1CAEB1A6-1E4C-407A-B55E-860CD0ABA1C8}.Default|x86.ActiveCfg = Debug|x86
		{1CAEB1A6-1E4C-407A-B55E-860CD0ABA1C8}.Default|x86.Build.0 = Debug|x86
		{1CAEB1A6-1E4C-407A-B55E-860CD0ABA1C8}.Release|Any CPU.ActiveCfg = Release|x86
		{1CAEB1A6-1E4C-407A-B55E-860CD0ABA1C8}.Release|Any CPU.Build.0 = Release|x86
		{1CAEB1A6-1E4C-407A-B55E-860CD0ABA1C8}.Release|x86.ActiveCfg = Release|x86
		{1CAEB1A6-1E4C-407A-B55E-860CD0ABA1C8}.Release|x86.Build.0 = Release|x86
	EndGlobalSection
	GlobalSection(NestedProjects) = preSolution
		{86CEC195-22E0-4CA9-8B17-16C01A0C3647} = {8499C1C7-946A-483B-94F0-13465327906A}
		{4F89B3C4-2837-4020-9D91-96AAC8718911} = {8499C1C7-946A-483B-94F0-13465327906A}
		{01539583-6736-4E2C-933B-09F7F9CCD2C5} = {8499C1C7-946A-483B-94F0-13465327906A}
		{920ABE15-340F-4BF4-80D7-F49CB940E5F2} = {3D7E24C4-419E-41EB-BDAF-F7CE43357238}
		{84CB86DC-05A8-427E-8C49-13258361DA55} = {3D7E24C4-419E-41EB-BDAF-F7CE43357238}
		{D981A690-6340-404C-96F5-B32E18C6AF8D} = {3D7E24C4-419E-41EB-BDAF-F7CE43357238}
		{699E3784-28E7-490D-96F1-FFEBCAF930B9} = {3D7E24C4-419E-41EB-BDAF-F7CE43357238}
		{592E20C9-16CB-431C-8BAC-879FDAE9EF14} = {0A19460A-92A4-4172-B481-7B51F7B48C9D}
		{14D462D1-0164-486E-823B-DC25F1F38EDA} = {6C19961E-B76A-48A1-B0B6-B9C9C3C3EC18}
		{3CD7D0AD-15ED-48AE-B324-DCF1BE1B2C14} = {1CE06F15-BA62-43F2-A28A-FBB384B1926B}
		{4577A0A2-5A95-4E1F-96A9-829B1829FAE9} = {47F112D3-4A3C-4AD0-8782-4A64B3807F95}
		{47F112D3-4A3C-4AD0-8782-4A64B3807F95} = {1CE06F15-BA62-43F2-A28A-FBB384B1926B}
		{EAB6332A-5F22-473A-9C53-C57D01BE0057} = {47F112D3-4A3C-4AD0-8782-4A64B3807F95}
		{1CAEB1A6-1E4C-407A-B55E-860CD0ABA1C8} = {EAB6332A-5F22-473A-9C53-C57D01BE0057}
	EndGlobalSection
	GlobalSection(MonoDevelopProperties) = preSolution
		StartupItem = src\FileFind.Meshwork.GtkClient\FileFind.Meshwork.GtkClient.csproj
		Policies = $0
		$0.DotNetNamingPolicy = $1
		$0.TextStylePolicy = $2
		$2.inheritsSet = null
		$2.scope = application/xml
		$0.XmlFormattingPolicy = $3
		$3.scope = application/xml
		$0.StandardHeader = $4
		$0.TextStylePolicy = $5
		$5.EolMarker = Unix
		$5.scope = text/plain
	EndGlobalSection
	GlobalSection(SolutionProperties) = preSolution
		HideSolutionNode = FALSE
	EndGlobalSection
EndGlobal
